Microsoft Visual Studio Solution File, Format Version 12.00
# Visual Studio Version 16
VisualStudioVersion = 16.0.29209.152
MinimumVisualStudioVersion = 10.0.40219.1
Project("{9A19103F-16F7-4668-BE54-9A1E7A4F7556}") = "Microsoft.Spark", "Microsoft.Spark\Microsoft.Spark.csproj", "{2B4236DD-00A9-4B24-9041-6F9727F3B025}"
EndProject
Project("{9A19103F-16F7-4668-BE54-9A1E7A4F7556}") = "Microsoft.Spark.Worker", "Microsoft.Spark.Worker\Microsoft.Spark.Worker.csproj", "{F9BDEE55-9702-407A-9AC6-E9659BD4F3B1}"
EndProject
Project("{9A19103F-16F7-4668-BE54-9A1E7A4F7556}") = "Microsoft.Spark.UnitTest", "Microsoft.Spark.UnitTest\Microsoft.Spark.UnitTest.csproj", "{0F756791-A966-42A9-99F1-20EFD0553F84}"
EndProject
Project("{9A19103F-16F7-4668-BE54-9A1E7A4F7556}") = "Microsoft.Spark.Worker.UnitTest", "Microsoft.Spark.Worker.UnitTest\Microsoft.Spark.Worker.UnitTest.csproj", "{4AA3C402-8C1E-4784-98FC-2217D4921FD6}"
EndProject
Project("{9A19103F-16F7-4668-BE54-9A1E7A4F7556}") = "Microsoft.Spark.E2ETest", "Microsoft.Spark.E2ETest\Microsoft.Spark.E2ETest.csproj", "{CAF6011D-4846-4AEC-8924-70B930574B02}"
EndProject
Project("{2150E333-8FDC-42A3-9474-1A3956D46DE8}") = "Solution Items", "Solution Items", "{AF29CEB0-D2BE-4843-8A37-0007D32AAD64}"
	ProjectSection(SolutionItems) = preProject
		..\..\.editorconfig = ..\..\.editorconfig
	EndProjectSection
EndProject
Project("{2150E333-8FDC-42A3-9474-1A3956D46DE8}") = "examples", "examples", "{C8C53525-4FEB-4B5B-91A2-619566C72F3E}"
EndProject
Project("{9A19103F-16F7-4668-BE54-9A1E7A4F7556}") = "Microsoft.Spark.CSharp.Examples", "..\..\examples\Microsoft.Spark.CSharp.Examples\Microsoft.Spark.CSharp.Examples.csproj", "{69F57F97-0198-4676-9BD9-E25407A132EA}"
EndProject
Project("{6EC3EE1D-3C4E-46DD-8F32-0CC8E7565705}") = "Microsoft.Spark.FSharp.Examples", "..\..\examples\Microsoft.Spark.FSharp.Examples\Microsoft.Spark.FSharp.Examples.fsproj", "{4E379DB3-7741-43C2-B32D-17AD96FEA7D0}"
EndProject
Project("{9A19103F-16F7-4668-BE54-9A1E7A4F7556}") = "Microsoft.Spark.E2ETest.ExternalLibrary", "Microsoft.Spark.E2ETest.ExternalLibrary\Microsoft.Spark.E2ETest.ExternalLibrary.csproj", "{920A2CC8-4075-41D1-BC30-C496430BD9E4}"
EndProject
Project("{2150E333-8FDC-42A3-9474-1A3956D46DE8}") = "Extensions", "Extensions", "{71A19F75-8279-40AB-BEA0-7D4B153FC416}"
EndProject
Project("{9A19103F-16F7-4668-BE54-9A1E7A4F7556}") = "Microsoft.Spark.Extensions.Delta", "Extensions\Microsoft.Spark.Extensions.Delta\Microsoft.Spark.Extensions.Delta.csproj", "{2048446B-45AB-4304-B230-50EDF6E8E6A4}"
EndProject
Project("{9A19103F-16F7-4668-BE54-9A1E7A4F7556}") = "Microsoft.Spark.Extensions.Delta.E2ETest", "Extensions\Microsoft.Spark.Extensions.Delta.E2ETest\Microsoft.Spark.Extensions.Delta.E2ETest.csproj", "{206E16CA-ED59-4F5E-8EA1-9BB7BEEACB63}"
EndProject
Project("{9A19103F-16F7-4668-BE54-9A1E7A4F7556}") = "Microsoft.Spark.Extensions.DotNet.Interactive", "Extensions\Microsoft.Spark.Extensions.DotNet.Interactive\Microsoft.Spark.Extensions.DotNet.Interactive.csproj", "{9C32014D-8C0C-40F1-9ABA-C3BF19687E5C}"
EndProject
Project("{9A19103F-16F7-4668-BE54-9A1E7A4F7556}") = "Microsoft.Spark.Extensions.DotNet.Interactive.UnitTest", "Extensions\Microsoft.Spark.Extensions.DotNet.Interactive.UnitTest\Microsoft.Spark.Extensions.DotNet.Interactive.UnitTest.csproj", "{7BDE09ED-04B3-41B2-A466-3D6F7225291E}"
EndProject
Project("{9A19103F-16F7-4668-BE54-9A1E7A4F7556}") = "Microsoft.Spark.Extensions.Hyperspace", "Extensions\Microsoft.Spark.Extensions.Hyperspace\Microsoft.Spark.Extensions.Hyperspace.csproj", "{70DDA4E9-1195-4A29-9AA1-96A8223A6D4F}"
EndProject
Project("{9A19103F-16F7-4668-BE54-9A1E7A4F7556}") = "Microsoft.Spark.Extensions.Hyperspace.E2ETest", "Extensions\Microsoft.Spark.Extensions.Hyperspace.E2ETest\Microsoft.Spark.Extensions.Hyperspace.E2ETest.csproj", "{C6019E44-C777-4DE2-B70E-EA025B7D044D}"
EndProject
Global
	GlobalSection(SolutionConfigurationPlatforms) = preSolution
		Debug|Any CPU = Debug|Any CPU
		Release|Any CPU = Release|Any CPU
	EndGlobalSection
	GlobalSection(ProjectConfigurationPlatforms) = postSolution
		{2B4236DD-00A9-4B24-9041-6F9727F3B025}.Debug|Any CPU.ActiveCfg = Debug|Any CPU
		{2B4236DD-00A9-4B24-9041-6F9727F3B025}.Debug|Any CPU.Build.0 = Debug|Any CPU
		{2B4236DD-00A9-4B24-9041-6F9727F3B025}.Release|Any CPU.ActiveCfg = Release|Any CPU
		{2B4236DD-00A9-4B24-9041-6F9727F3B025}.Release|Any CPU.Build.0 = Release|Any CPU
		{F9BDEE55-9702-407A-9AC6-E9659BD4F3B1}.Debug|Any CPU.ActiveCfg = Debug|Any CPU
		{F9BDEE55-9702-407A-9AC6-E9659BD4F3B1}.Debug|Any CPU.Build.0 = Debug|Any CPU
		{F9BDEE55-9702-407A-9AC6-E9659BD4F3B1}.Release|Any CPU.ActiveCfg = Release|Any CPU
		{F9BDEE55-9702-407A-9AC6-E9659BD4F3B1}.Release|Any CPU.Build.0 = Release|Any CPU
		{0F756791-A966-42A9-99F1-20EFD0553F84}.Debug|Any CPU.ActiveCfg = Debug|Any CPU
		{0F756791-A966-42A9-99F1-20EFD0553F84}.Debug|Any CPU.Build.0 = Debug|Any CPU
		{0F756791-A966-42A9-99F1-20EFD0553F84}.Release|Any CPU.ActiveCfg = Release|Any CPU
		{0F756791-A966-42A9-99F1-20EFD0553F84}.Release|Any CPU.Build.0 = Release|Any CPU
		{4AA3C402-8C1E-4784-98FC-2217D4921FD6}.Debug|Any CPU.ActiveCfg = Debug|Any CPU
		{4AA3C402-8C1E-4784-98FC-2217D4921FD6}.Debug|Any CPU.Build.0 = Debug|Any CPU
		{4AA3C402-8C1E-4784-98FC-2217D4921FD6}.Release|Any CPU.ActiveCfg = Release|Any CPU
		{4AA3C402-8C1E-4784-98FC-2217D4921FD6}.Release|Any CPU.Build.0 = Release|Any CPU
		{CAF6011D-4846-4AEC-8924-70B930574B02}.Debug|Any CPU.ActiveCfg = Debug|Any CPU
		{CAF6011D-4846-4AEC-8924-70B930574B02}.Debug|Any CPU.Build.0 = Debug|Any CPU
		{CAF6011D-4846-4AEC-8924-70B930574B02}.Release|Any CPU.ActiveCfg = Release|Any CPU
		{CAF6011D-4846-4AEC-8924-70B930574B02}.Release|Any CPU.Build.0 = Release|Any CPU
		{69F57F97-0198-4676-9BD9-E25407A132EA}.Debug|Any CPU.ActiveCfg = Debug|Any CPU
		{69F57F97-0198-4676-9BD9-E25407A132EA}.Debug|Any CPU.Build.0 = Debug|Any CPU
		{69F57F97-0198-4676-9BD9-E25407A132EA}.Release|Any CPU.ActiveCfg = Release|Any CPU
		{69F57F97-0198-4676-9BD9-E25407A132EA}.Release|Any CPU.Build.0 = Release|Any CPU
		{4E379DB3-7741-43C2-B32D-17AD96FEA7D0}.Debug|Any CPU.ActiveCfg = Debug|Any CPU
		{4E379DB3-7741-43C2-B32D-17AD96FEA7D0}.Debug|Any CPU.Build.0 = Debug|Any CPU
		{4E379DB3-7741-43C2-B32D-17AD96FEA7D0}.Release|Any CPU.ActiveCfg = Release|Any CPU
		{4E379DB3-7741-43C2-B32D-17AD96FEA7D0}.Release|Any CPU.Build.0 = Release|Any CPU
		{920A2CC8-4075-41D1-BC30-C496430BD9E4}.Debug|Any CPU.ActiveCfg = Debug|Any CPU
		{920A2CC8-4075-41D1-BC30-C496430BD9E4}.Debug|Any CPU.Build.0 = Debug|Any CPU
		{920A2CC8-4075-41D1-BC30-C496430BD9E4}.Release|Any CPU.ActiveCfg = Release|Any CPU
		{920A2CC8-4075-41D1-BC30-C496430BD9E4}.Release|Any CPU.Build.0 = Release|Any CPU
		{2048446B-45AB-4304-B230-50EDF6E8E6A4}.Debug|Any CPU.ActiveCfg = Debug|Any CPU
		{2048446B-45AB-4304-B230-50EDF6E8E6A4}.Debug|Any CPU.Build.0 = Debug|Any CPU
		{2048446B-45AB-4304-B230-50EDF6E8E6A4}.Release|Any CPU.ActiveCfg = Release|Any CPU
		{2048446B-45AB-4304-B230-50EDF6E8E6A4}.Release|Any CPU.Build.0 = Release|Any CPU
		{206E16CA-ED59-4F5E-8EA1-9BB7BEEACB63}.Debug|Any CPU.ActiveCfg = Debug|Any CPU
		{206E16CA-ED59-4F5E-8EA1-9BB7BEEACB63}.Debug|Any CPU.Build.0 = Debug|Any CPU
		{206E16CA-ED59-4F5E-8EA1-9BB7BEEACB63}.Release|Any CPU.ActiveCfg = Release|Any CPU
		{206E16CA-ED59-4F5E-8EA1-9BB7BEEACB63}.Release|Any CPU.Build.0 = Release|Any CPU
		{9C32014D-8C0C-40F1-9ABA-C3BF19687E5C}.Debug|Any CPU.ActiveCfg = Debug|Any CPU
		{9C32014D-8C0C-40F1-9ABA-C3BF19687E5C}.Debug|Any CPU.Build.0 = Debug|Any CPU
		{9C32014D-8C0C-40F1-9ABA-C3BF19687E5C}.Release|Any CPU.ActiveCfg = Release|Any CPU
		{9C32014D-8C0C-40F1-9ABA-C3BF19687E5C}.Release|Any CPU.Build.0 = Release|Any CPU
		{7BDE09ED-04B3-41B2-A466-3D6F7225291E}.Debug|Any CPU.ActiveCfg = Debug|Any CPU
		{7BDE09ED-04B3-41B2-A466-3D6F7225291E}.Debug|Any CPU.Build.0 = Debug|Any CPU
		{7BDE09ED-04B3-41B2-A466-3D6F7225291E}.Release|Any CPU.ActiveCfg = Release|Any CPU
		{7BDE09ED-04B3-41B2-A466-3D6F7225291E}.Release|Any CPU.Build.0 = Release|Any CPU
		{70DDA4E9-1195-4A29-9AA1-96A8223A6D4F}.Debug|Any CPU.ActiveCfg = Debug|Any CPU
		{70DDA4E9-1195-4A29-9AA1-96A8223A6D4F}.Debug|Any CPU.Build.0 = Debug|Any CPU
		{70DDA4E9-1195-4A29-9AA1-96A8223A6D4F}.Release|Any CPU.ActiveCfg = Release|Any CPU
		{70DDA4E9-1195-4A29-9AA1-96A8223A6D4F}.Release|Any CPU.Build.0 = Release|Any CPU
		{C6019E44-C777-4DE2-B70E-EA025B7D044D}.Debug|Any CPU.ActiveCfg = Debug|Any CPU
		{C6019E44-C777-4DE2-B70E-EA025B7D044D}.Debug|Any CPU.Build.0 = Debug|Any CPU
		{C6019E44-C777-4DE2-B70E-EA025B7D044D}.Release|Any CPU.ActiveCfg = Release|Any CPU
		{C6019E44-C777-4DE2-B70E-EA025B7D044D}.Release|Any CPU.Build.0 = Release|Any CPU
	EndGlobalSection
	GlobalSection(SolutionProperties) = preSolution
		HideSolutionNode = FALSE
	EndGlobalSection
	GlobalSection(NestedProjects) = preSolution
		{69F57F97-0198-4676-9BD9-E25407A132EA} = {C8C53525-4FEB-4B5B-91A2-619566C72F3E}
		{4E379DB3-7741-43C2-B32D-17AD96FEA7D0} = {C8C53525-4FEB-4B5B-91A2-619566C72F3E}
		{2048446B-45AB-4304-B230-50EDF6E8E6A4} = {71A19F75-8279-40AB-BEA0-7D4B153FC416}
		{206E16CA-ED59-4F5E-8EA1-9BB7BEEACB63} = {71A19F75-8279-40AB-BEA0-7D4B153FC416}
		{9C32014D-8C0C-40F1-9ABA-C3BF19687E5C} = {71A19F75-8279-40AB-BEA0-7D4B153FC416}
		{7BDE09ED-04B3-41B2-A466-3D6F7225291E} = {71A19F75-8279-40AB-BEA0-7D4B153FC416}
		{70DDA4E9-1195-4A29-9AA1-96A8223A6D4F} = {71A19F75-8279-40AB-BEA0-7D4B153FC416}
		{C6019E44-C777-4DE2-B70E-EA025B7D044D} = {71A19F75-8279-40AB-BEA0-7D4B153FC416}
	EndGlobalSection
	GlobalSection(ExtensibilityGlobals) = postSolution
		SolutionGuid = {FD15FFDB-EA1B-436F-841D-3386DDF94538}
	EndGlobalSection
EndGlobal
