
Microsoft Visual Studio Solution File, Format Version 12.00
# Visual Studio 15
VisualStudioVersion = 15.0.28307.572
MinimumVisualStudioVersion = 10.0.40219.1
Project("{FAE04EC0-301F-11D3-BF4B-00C04F79EFBC}") = "GitHubLovesSparkDotNet", "GitHubLovesSparkDotNet\GitHubLovesSparkDotNet.csproj", "{032E1300-A2FA-4CDA-B401-27D4CFA7C8B9}"
EndProject
Global
	GlobalSection(SolutionConfigurationPlatforms) = preSolution
		Debug|Any CPU = Debug|Any CPU
		Release|Any CPU = Release|Any CPU
	EndGlobalSection
	GlobalSection(ProjectConfigurationPlatforms) = postSolution
		{032E1300-A2FA-4CDA-B401-27D4CFA7C8B9}.Debug|Any CPU.ActiveCfg = Debug|Any CPU
		{032E1300-A2FA-4CDA-B401-27D4CFA7C8B9}.Debug|Any CPU.Build.0 = Debug|Any CPU
		{032E1300-A2FA-4CDA-B401-27D4CFA7C8B9}.Release|Any CPU.ActiveCfg = Release|Any CPU
		{032E1300-A2FA-4CDA-B401-27D4CFA7C8B9}.Release|Any CPU.Build.0 = Release|Any CPU
	EndGlobalSection
	GlobalSection(SolutionProperties) = preSolution
		HideSolutionNode = FALSE
	EndGlobalSection
	GlobalSection(ExtensibilityGlobals) = postSolution
		SolutionGuid = {476185DB-1B83-4179-9587-8264CE34644C}
	EndGlobalSection
EndGlobal
