Microsoft Visual Studio Solution File, Format Version 12.00
# Visual Studio 15
VisualStudioVersion = 15.0.28307.421
MinimumVisualStudioVersion = 10.0.40219.1
Project("{9A19103F-16F7-4668-BE54-9A1E7A4F7556}") = "Microsoft.Spark.CSharp.Examples", "Microsoft.Spark.CSharp.Examples\Microsoft.Spark.CSharp.Examples.csproj", "{32A34828-20F4-40FE-A3D5-C9458BF424E6}"
EndProject
Project("{9A19103F-16F7-4668-BE54-9A1E7A4F7556}") = "Microsoft.Spark", "..\src\csharp\Microsoft.Spark\Microsoft.Spark.csproj", "{F5C246F7-9CDE-44DC-8D4F-DAAC557048EF}"
EndProject
Project("{9A19103F-16F7-4668-BE54-9A1E7A4F7556}") = "Microsoft.Spark.Worker", "..\src\csharp\Microsoft.Spark.Worker\Microsoft.Spark.Worker.csproj", "{606FBD5E-D5C6-48F6-8FBF-2F0E25527760}"
EndProject
Project("{2150E333-8FDC-42A3-9474-1A3956D46DE8}") = "Reference", "Reference", "{CE5FBCF2-F92E-4A2F-A76E-149B7118491B}"
EndProject
Project("{6EC3EE1D-3C4E-46DD-8F32-0CC8E7565705}") = "Microsoft.Spark.FSharp.Examples", "Microsoft.Spark.FSharp.Examples\Microsoft.Spark.FSharp.Examples.fsproj", "{127370FE-D19D-4489-AB7C-2F1AA7908994}"
EndProject
Project("{2150E333-8FDC-42A3-9474-1A3956D46DE8}") = "Solution Items", "Solution Items", "{7BC2C5FB-10A1-492D-952B-D8662C368CB2}"
	ProjectSection(SolutionItems) = preProject
		..\.editorconfig = ..\.editorconfig
	EndProjectSection
EndProject
Global
	GlobalSection(SolutionConfigurationPlatforms) = preSolution
		Debug|Any CPU = Debug|Any CPU
		Release|Any CPU = Release|Any CPU
	EndGlobalSection
	GlobalSection(ProjectConfigurationPlatforms) = postSolution
		{32A34828-20F4-40FE-A3D5-C9458BF424E6}.Debug|Any CPU.ActiveCfg = Debug|Any CPU
		{32A34828-20F4-40FE-A3D5-C9458BF424E6}.Debug|Any CPU.Build.0 = Debug|Any CPU
		{32A34828-20F4-40FE-A3D5-C9458BF424E6}.Release|Any CPU.ActiveCfg = Release|Any CPU
		{32A34828-20F4-40FE-A3D5-C9458BF424E6}.Release|Any CPU.Build.0 = Release|Any CPU
		{F5C246F7-9CDE-44DC-8D4F-DAAC557048EF}.Debug|Any CPU.ActiveCfg = Debug|Any CPU
		{F5C246F7-9CDE-44DC-8D4F-DAAC557048EF}.Debug|Any CPU.Build.0 = Debug|Any CPU
		{F5C246F7-9CDE-44DC-8D4F-DAAC557048EF}.Release|Any CPU.ActiveCfg = Release|Any CPU
		{F5C246F7-9CDE-44DC-8D4F-DAAC557048EF}.Release|Any CPU.Build.0 = Release|Any CPU
		{606FBD5E-D5C6-48F6-8FBF-2F0E25527760}.Debug|Any CPU.ActiveCfg = Debug|Any CPU
		{606FBD5E-D5C6-48F6-8FBF-2F0E25527760}.Debug|Any CPU.Build.0 = Debug|Any CPU
		{606FBD5E-D5C6-48F6-8FBF-2F0E25527760}.Release|Any CPU.ActiveCfg = Release|Any CPU
		{606FBD5E-D5C6-48F6-8FBF-2F0E25527760}.Release|Any CPU.Build.0 = Release|Any CPU
		{127370FE-D19D-4489-AB7C-2F1AA7908994}.Debug|Any CPU.ActiveCfg = Debug|Any CPU
		{127370FE-D19D-4489-AB7C-2F1AA7908994}.Debug|Any CPU.Build.0 = Debug|Any CPU
		{127370FE-D19D-4489-AB7C-2F1AA7908994}.Release|Any CPU.ActiveCfg = Release|Any CPU
		{127370FE-D19D-4489-AB7C-2F1AA7908994}.Release|Any CPU.Build.0 = Release|Any CPU
	EndGlobalSection
	GlobalSection(SolutionProperties) = preSolution
		HideSolutionNode = FALSE
	EndGlobalSection
	GlobalSection(NestedProjects) = preSolution
		{F5C246F7-9CDE-44DC-8D4F-DAAC557048EF} = {CE5FBCF2-F92E-4A2F-A76E-149B7118491B}
		{606FBD5E-D5C6-48F6-8FBF-2F0E25527760} = {CE5FBCF2-F92E-4A2F-A76E-149B7118491B}
	EndGlobalSection
	GlobalSection(ExtensibilityGlobals) = postSolution
		SolutionGuid = {9D60F114-5B77-445C-B67C-DCACC90A35CD}
	EndGlobalSection
EndGlobal
